
Microsoft Visual Studio Solution File, Format Version 12.00
# Visual Studio Version 16
VisualStudioVersion = 16.0.29201.188
MinimumVisualStudioVersion = 10.0.40219.1
Project("{FAE04EC0-301F-11D3-BF4B-00C04F79EFBC}") = "CheckoutLib", "CheckoutLib\CheckoutLib.csproj", "{B2210262-182A-4788-A4D9-02A7A3F9FC75}"
EndProject
Project("{FAE04EC0-301F-11D3-BF4B-00C04F79EFBC}") = "CheckoutLibTests", "..\CheckoutLibTests\CheckoutLibTests.csproj", "{C717CF84-5755-4BDE-86E2-76AE8FDCEA3E}"
EndProject
Global
	GlobalSection(SolutionConfigurationPlatforms) = preSolution
		Debug|Any CPU = Debug|Any CPU
		Release|Any CPU = Release|Any CPU
	EndGlobalSection
	GlobalSection(ProjectConfigurationPlatforms) = postSolution
		{B2210262-182A-4788-A4D9-02A7A3F9FC75}.Debug|Any CPU.ActiveCfg = Debug|Any CPU
		{B2210262-182A-4788-A4D9-02A7A3F9FC75}.Debug|Any CPU.Build.0 = Debug|Any CPU
		{B2210262-182A-4788-A4D9-02A7A3F9FC75}.Release|Any CPU.ActiveCfg = Release|Any CPU
		{B2210262-182A-4788-A4D9-02A7A3F9FC75}.Release|Any CPU.Build.0 = Release|Any CPU
		{C717CF84-5755-4BDE-86E2-76AE8FDCEA3E}.Debug|Any CPU.ActiveCfg = Debug|Any CPU
		{C717CF84-5755-4BDE-86E2-76AE8FDCEA3E}.Debug|Any CPU.Build.0 = Debug|Any CPU
		{C717CF84-5755-4BDE-86E2-76AE8FDCEA3E}.Release|Any CPU.ActiveCfg = Release|Any CPU
		{C717CF84-5755-4BDE-86E2-76AE8FDCEA3E}.Release|Any CPU.Build.0 = Release|Any CPU
	EndGlobalSection
	GlobalSection(SolutionProperties) = preSolution
		HideSolutionNode = FALSE
	EndGlobalSection
	GlobalSection(ExtensibilityGlobals) = postSolution
		SolutionGuid = {51E54043-8C07-4297-AB2B-9265F80B2DF3}
	EndGlobalSection
EndGlobal
